Microsoft Visual Studio Solution File, Format Version 11.00
# Visual Studio 2010
Project("{FAE04EC0-301F-11D3-BF4B-00C04F79EFBC}") = "MSR.LST.Net.Rtp", "..\MSR.LST.Net.Rtp\MSR.LST.Net.Rtp.csproj", "{BC057313-82DF-4369-8273-394F1BA9C058}"
	ProjectSection(ProjectDependencies) = postProject
		{4BE105C2-FD43-4651-9F7E-2A02253A2EDC} = {4BE105C2-FD43-4651-9F7E-2A02253A2EDC}
		{4E9057FE-7372-4BED-8655-C1962984FBFD} = {4E9057FE-7372-4BED-8655-C1962984FBFD}
	EndProjectSection
EndProject
Project("{FAE04EC0-301F-11D3-BF4B-00C04F79EFBC}") = "NetworkingBasics", "..\MSR.LST.Net.Rtp\NetworkingBasics\NetworkingBasics.csproj", "{4BE105C2-FD43-4651-9F7E-2A02253A2EDC}"
EndProject
Project("{FAE04EC0-301F-11D3-BF4B-00C04F79EFBC}") = "Conference", "..\MSR.LST.ConferenceXP\Conference\Conference.csproj", "{77F2C2EF-2B46-4CF5-B6A2-7F525AF81794}"
	ProjectSection(ProjectDependencies) = postProject
		{BC057313-82DF-4369-8273-394F1BA9C058} = {BC057313-82DF-4369-8273-394F1BA9C058}
		{F8786992-0DEB-43E5-ABD3-28928DFA3ED1} = {F8786992-0DEB-43E5-ABD3-28928DFA3ED1}
		{4BE105C2-FD43-4651-9F7E-2A02253A2EDC} = {4BE105C2-FD43-4651-9F7E-2A02253A2EDC}
		{49542CD8-9D7C-432A-A25D-DC1008BC1D2E} = {49542CD8-9D7C-432A-A25D-DC1008BC1D2E}
		{4E9057FE-7372-4BED-8655-C1962984FBFD} = {4E9057FE-7372-4BED-8655-C1962984FBFD}
	EndProjectSection
EndProject
Project("{FAE04EC0-301F-11D3-BF4B-00C04F79EFBC}") = "ConferenceXPInterfaces", "..\MSR.LST.ConferenceXP\ConferenceXPInterfaces\ConferenceXPInterfaces.csproj", "{F8786992-0DEB-43E5-ABD3-28928DFA3ED1}"
	ProjectSection(ProjectDependencies) = postProject
		{BC057313-82DF-4369-8273-394F1BA9C058} = {BC057313-82DF-4369-8273-394F1BA9C058}
		{4BE105C2-FD43-4651-9F7E-2A02253A2EDC} = {4BE105C2-FD43-4651-9F7E-2A02253A2EDC}
		{4E9057FE-7372-4BED-8655-C1962984FBFD} = {4E9057FE-7372-4BED-8655-C1962984FBFD}
	EndProjectSection
EndProject
Project("{FAE04EC0-301F-11D3-BF4B-00C04F79EFBC}") = "Identity", "..\MSR.LST.ConferenceXP\Identity\Identity.csproj", "{49542CD8-9D7C-432A-A25D-DC1008BC1D2E}"
EndProject
Project("{FAE04EC0-301F-11D3-BF4B-00C04F79EFBC}") = "LSTCommon", "..\MSR.LST\Common\LSTCommon.csproj", "{4E9057FE-7372-4BED-8655-C1962984FBFD}"
EndProject
Project("{FAE04EC0-301F-11D3-BF4B-00C04F79EFBC}") = "RTDocuments", "..\RTDocuments\RTDocuments\RTDocuments.csproj", "{77B2CABB-6A8F-4D2D-A050-85F504E4CD5A}"
EndProject
Project("{FAE04EC0-301F-11D3-BF4B-00C04F79EFBC}") = "RTDocumentUtilities", "..\RTDocuments\RTDocumentUtilities\RTDocumentUtilities.csproj", "{C1551DAA-4E46-4BB7-ACEA-590CBDC96CD4}"
	ProjectSection(ProjectDependencies) = postProject
		{F8786992-0DEB-43E5-ABD3-28928DFA3ED1} = {F8786992-0DEB-43E5-ABD3-28928DFA3ED1}
		{77B2CABB-6A8F-4D2D-A050-85F504E4CD5A} = {77B2CABB-6A8F-4D2D-A050-85F504E4CD5A}
		{77F2C2EF-2B46-4CF5-B6A2-7F525AF81794} = {77F2C2EF-2B46-4CF5-B6A2-7F525AF81794}
	EndProjectSection
EndProject
Project("{FAE04EC0-301F-11D3-BF4B-00C04F79EFBC}") = "EncodeTest", "..\MSR.LST.ConferenceAPI\EncodeTest\EncodeTest.csproj", "{203F5BBF-BE65-4407-A6FD-CFA85753AE3A}"
EndProject
Project("{FAE04EC0-301F-11D3-BF4B-00C04F79EFBC}") = "DecodeTest", "..\MSR.LST.ConferenceAPI\DecodeTest\DecodeTest.csproj", "{C935A0B8-AD54-47E9-B15A-373D25251F7F}"
EndProject
Global
	GlobalSection(SolutionConfigurationPlatforms) = preSolution
		Debug|Any CPU = Debug|Any CPU
		Release|Any CPU = Release|Any CPU
	EndGlobalSection
	GlobalSection(ProjectConfigurationPlatforms) = postSolution
		{BC057313-82DF-4369-8273-394F1BA9C058}.Debug|Any CPU.ActiveCfg = Debug|Any CPU
		{BC057313-82DF-4369-8273-394F1BA9C058}.Debug|Any CPU.Build.0 = Debug|Any CPU
		{BC057313-82DF-4369-8273-394F1BA9C058}.Release|Any CPU.ActiveCfg = Release|Any CPU
		{BC057313-82DF-4369-8273-394F1BA9C058}.Release|Any CPU.Build.0 = Release|Any CPU
		{4BE105C2-FD43-4651-9F7E-2A02253A2EDC}.Debug|Any CPU.ActiveCfg = Debug|Any CPU
		{4BE105C2-FD43-4651-9F7E-2A02253A2EDC}.Debug|Any CPU.Build.0 = Debug|Any CPU
		{4BE105C2-FD43-4651-9F7E-2A02253A2EDC}.Release|Any CPU.ActiveCfg = Release|Any CPU
		{4BE105C2-FD43-4651-9F7E-2A02253A2EDC}.Release|Any CPU.Build.0 = Release|Any CPU
		{77F2C2EF-2B46-4CF5-B6A2-7F525AF81794}.Debug|Any CPU.ActiveCfg = Debug|Any CPU
		{77F2C2EF-2B46-4CF5-B6A2-7F525AF81794}.Debug|Any CPU.Build.0 = Debug|Any CPU
		{77F2C2EF-2B46-4CF5-B6A2-7F525AF81794}.Release|Any CPU.ActiveCfg = Release|Any CPU
		{77F2C2EF-2B46-4CF5-B6A2-7F525AF81794}.Release|Any CPU.Build.0 = Release|Any CPU
		{F8786992-0DEB-43E5-ABD3-28928DFA3ED1}.Debug|Any CPU.ActiveCfg = Debug|Any CPU
		{F8786992-0DEB-43E5-ABD3-28928DFA3ED1}.Debug|Any CPU.Build.0 = Debug|Any CPU
		{F8786992-0DEB-43E5-ABD3-28928DFA3ED1}.Release|Any CPU.ActiveCfg = Release|Any CPU
		{F8786992-0DEB-43E5-ABD3-28928DFA3ED1}.Release|Any CPU.Build.0 = Release|Any CPU
		{49542CD8-9D7C-432A-A25D-DC1008BC1D2E}.Debug|Any CPU.ActiveCfg = Debug|Any CPU
		{49542CD8-9D7C-432A-A25D-DC1008BC1D2E}.Debug|Any CPU.Build.0 = Debug|Any CPU
		{49542CD8-9D7C-432A-A25D-DC1008BC1D2E}.Release|Any CPU.ActiveCfg = Release|Any CPU
		{49542CD8-9D7C-432A-A25D-DC1008BC1D2E}.Release|Any CPU.Build.0 = Release|Any CPU
		{4E9057FE-7372-4BED-8655-C1962984FBFD}.Debug|Any CPU.ActiveCfg = Debug|Any CPU
		{4E9057FE-7372-4BED-8655-C1962984FBFD}.Debug|Any CPU.Build.0 = Debug|Any CPU
		{4E9057FE-7372-4BED-8655-C1962984FBFD}.Release|Any CPU.ActiveCfg = Release|Any CPU
		{4E9057FE-7372-4BED-8655-C1962984FBFD}.Release|Any CPU.Build.0 = Release|Any CPU
		{77B2CABB-6A8F-4D2D-A050-85F504E4CD5A}.Debug|Any CPU.ActiveCfg = Debug|Any CPU
		{77B2CABB-6A8F-4D2D-A050-85F504E4CD5A}.Debug|Any CPU.Build.0 = Debug|Any CPU
		{77B2CABB-6A8F-4D2D-A050-85F504E4CD5A}.Release|Any CPU.ActiveCfg = Release|Any CPU
		{77B2CABB-6A8F-4D2D-A050-85F504E4CD5A}.Release|Any CPU.Build.0 = Release|Any CPU
		{C1551DAA-4E46-4BB7-ACEA-590CBDC96CD4}.Debug|Any CPU.ActiveCfg = Debug|Any CPU
		{C1551DAA-4E46-4BB7-ACEA-590CBDC96CD4}.Debug|Any CPU.Build.0 = Debug|Any CPU
		{C1551DAA-4E46-4BB7-ACEA-590CBDC96CD4}.Release|Any CPU.ActiveCfg = Release|Any CPU
		{C1551DAA-4E46-4BB7-ACEA-590CBDC96CD4}.Release|Any CPU.Build.0 = Release|Any CPU
		{203F5BBF-BE65-4407-A6FD-CFA85753AE3A}.Debug|Any CPU.ActiveCfg = Debug|Any CPU
		{203F5BBF-BE65-4407-A6FD-CFA85753AE3A}.Debug|Any CPU.Build.0 = Debug|Any CPU
		{203F5BBF-BE65-4407-A6FD-CFA85753AE3A}.Release|Any CPU.ActiveCfg = Release|Any CPU
		{203F5BBF-BE65-4407-A6FD-CFA85753AE3A}.Release|Any CPU.Build.0 = Release|Any CPU
		{C935A0B8-AD54-47E9-B15A-373D25251F7F}.Debug|Any CPU.ActiveCfg = Debug|Any CPU
		{C935A0B8-AD54-47E9-B15A-373D25251F7F}.Debug|Any CPU.Build.0 = Debug|Any CPU
		{C935A0B8-AD54-47E9-B15A-373D25251F7F}.Release|Any CPU.ActiveCfg = Release|Any CPU
		{C935A0B8-AD54-47E9-B15A-373D25251F7F}.Release|Any CPU.Build.0 = Release|Any CPU
	EndGlobalSection
	GlobalSection(SolutionProperties) = preSolution
		HideSolutionNode = FALSE
	EndGlobalSection
EndGlobal
